lockfileVersion: '6.0'

settings:
  autoInstallPeers: true
  excludeLinksFromLockfile: false

dependencies:
  '@headlessui/react':
    specifier: ^2.2.0
    version: 2.2.2(react-dom@18.3.1)(react@18.3.1)
  '@heroicons/react':
    specifier: ^2.2.0
    version: 2.2.0(react@18.3.1)
  clsx:
    specifier: ^2.1.1
    version: 2.1.1
  geist:
    specifier: ^1.2.0
    version: 1.4.2(next@14.2.28)
  next:
    specifier: ^14.0.0
    version: 14.2.28(react-dom@18.3.1)(react@18.3.1)
  react:
    specifier: ^18.2.0
    version: 18.3.1
  react-dom:
    specifier: ^18.2.0
    version: 18.3.1(react@18.3.1)
  sonner:
    specifier: ^2.0.1
    version: 2.0.3(react-dom@18.3.1)(react@18.3.1)

devDependencies:
  '@tailwindcss/container-queries':
    specifier: ^0.1.1
    version: 0.1.1(tailwindcss@4.1.5)
  '@tailwindcss/postcss':
    specifier: ^4.0.14
    version: 4.1.5
  '@tailwindcss/typography':
    specifier: ^0.5.16
    version: 0.5.16(tailwindcss@4.1.5)
  '@types/node':
    specifier: 22.13.10
    version: 22.13.10
  '@types/react':
    specifier: ^18.2.0
    version: 18.3.21
  '@types/react-dom':
    specifier: ^18.2.0
    version: 18.3.7(@types/react@18.3.21)
  postcss:
    specifier: ^8.5.3
    version: 8.5.3
  prettier:
    specifier: 3.5.3
    version: 3.5.3
  prettier-plugin-tailwindcss:
    specifier: ^0.6.11
    version: 0.6.11(prettier@3.5.3)
  tailwindcss:
    specifier: ^4.0.14
    version: 4.1.5
  typescript:
    specifier: 5.8.2
    version: 5.8.2

packages:

  /@alloc/quick-lru@5.2.0:
    resolution: {integrity: sha512-UrcABB+4bUrFABwbluTIBErXwvbsU/V7TZWfmbgJfbkwiBuziS9gxdODUyuiecfdGQ85jglMW6juS3+z5TsKLw==}
    engines: {node: '>=10'}
    dev: true

  /@floating-ui/core@1.7.0:
    resolution: {integrity: sha512-FRdBLykrPPA6P76GGGqlex/e7fbe0F1ykgxHYNXQsH/iTEtjMj/f9bpY5oQqbjt5VgZvgz/uKXbGuROijh3VLA==}
    dependencies:
      '@floating-ui/utils': 0.2.9
    dev: false

  /@floating-ui/dom@1.7.0:
    resolution: {integrity: sha512-lGTor4VlXcesUMh1cupTUTDoCxMb0V6bm3CnxHzQcw8Eaf1jQbgQX4i02fYgT0vJ82tb5MZ4CZk1LRGkktJCzg==}
    dependencies:
      '@floating-ui/core': 1.7.0
      '@floating-ui/utils': 0.2.9
    dev: false

  /@floating-ui/react-dom@2.1.2(react-dom@18.3.1)(react@18.3.1):
    resolution: {integrity: sha512-06okr5cgPzMNBy+Ycse2A6udMi4bqwW/zgBF/rwjcNqWkyr82Mcg8b0vjX8OJpZFy/FKjJmw6wV7t44kK6kW7A==}
    peerDependencies:
      react: '>=16.8.0'
      react-dom: '>=16.8.0'
    dependencies:
      '@floating-ui/dom': 1.7.0
      react: 18.3.1
      react-dom: 18.3.1(react@18.3.1)
    dev: false

  /@floating-ui/react@0.26.28(react-dom@18.3.1)(react@18.3.1):
    resolution: {integrity: sha512-yORQuuAtVpiRjpMhdc0wJj06b9JFjrYF4qp96j++v2NBpbi6SEGF7donUJ3TMieerQ6qVkAv1tgr7L4r5roTqw==}
    peerDependencies:
      react: '>=16.8.0'
      react-dom: '>=16.8.0'
    dependencies:
      '@floating-ui/react-dom': 2.1.2(react-dom@18.3.1)(react@18.3.1)
      '@floating-ui/utils': 0.2.9
      react: 18.3.1
      react-dom: 18.3.1(react@18.3.1)
      tabbable: 6.2.0
    dev: false

  /@floating-ui/utils@0.2.9:
    resolution: {integrity: sha512-MDWhGtE+eHw5JW7lq4qhc5yRLS11ERl1c7Z6Xd0a58DozHES6EnNNwUWbMiG4J9Cgj053Bhk8zvlhFYKVhULwg==}
    dev: false

  /@headlessui/react@2.2.2(react-dom@18.3.1)(react@18.3.1):
    resolution: {integrity: sha512-zbniWOYBQ8GHSUIOPY7BbdIn6PzUOq0z41RFrF30HbjsxG6Rrfk+6QulR8Kgf2Vwj2a/rE6i62q5vo+2gI5dJA==}
    engines: {node: '>=10'}
    peerDependencies:
      react: ^18 || ^19 || ^19.0.0-rc
      react-dom: ^18 || ^19 || ^19.0.0-rc
    dependencies:
      '@floating-ui/react': 0.26.28(react-dom@18.3.1)(react@18.3.1)
      '@react-aria/focus': 3.20.2(react-dom@18.3.1)(react@18.3.1)
      '@react-aria/interactions': 3.25.0(react-dom@18.3.1)(react@18.3.1)
      '@tanstack/react-virtual': 3.13.8(react-dom@18.3.1)(react@18.3.1)
      react: 18.3.1
      react-dom: 18.3.1(react@18.3.1)
      use-sync-external-store: 1.5.0(react@18.3.1)
    dev: false

  /@heroicons/react@2.2.0(react@18.3.1):
    resolution: {integrity: sha512-LMcepvRaS9LYHJGsF0zzmgKCUim/X3N/DQKc4jepAXJ7l8QxJ1PmxJzqplF2Z3FE4PqBAIGyJAQ/w4B5dsqbtQ==}
    peerDependencies:
      react: '>= 16 || ^19.0.0-rc'
    dependencies:
      react: 18.3.1
    dev: false

  /@next/env@14.2.28:
    resolution: {integrity: sha512-PAmWhJfJQlP+kxZwCjrVd9QnR5x0R3u0mTXTiZDgSd4h5LdXmjxCCWbN9kq6hkZBOax8Rm3xDW5HagWyJuT37g==}
    dev: false

  /@next/swc-darwin-arm64@14.2.28:
    resolution: {integrity: sha512-kzGChl9setxYWpk3H6fTZXXPFFjg7urptLq5o5ZgYezCrqlemKttwMT5iFyx/p1e/JeglTwDFRtb923gTJ3R1w==}
    engines: {node: '>= 10'}
    cpu: [arm64]
    os: [darwin]
    requiresBuild: true
    dev: false
    optional: true

  /@next/swc-darwin-x64@14.2.28:
    resolution: {integrity: sha512-z6FXYHDJlFOzVEOiiJ/4NG8aLCeayZdcRSMjPDysW297Up6r22xw6Ea9AOwQqbNsth8JNgIK8EkWz2IDwaLQcw==}
    engines: {node: '>= 10'}
    cpu: [x64]
    os: [darwin]
    requiresBuild: true
    dev: false
    optional: true

  /@next/swc-linux-arm64-gnu@14.2.28:
    resolution: {integrity: sha512-9ARHLEQXhAilNJ7rgQX8xs9aH3yJSj888ssSjJLeldiZKR4D7N08MfMqljk77fAwZsWwsrp8ohHsMvurvv9liQ==}
    engines: {node: '>= 10'}
    cpu: [arm64]
    os: [linux]
    requiresBuild: true
    dev: false
    optional: true

  /@next/swc-linux-arm64-musl@14.2.28:
    resolution: {integrity: sha512-p6gvatI1nX41KCizEe6JkF0FS/cEEF0u23vKDpl+WhPe/fCTBeGkEBh7iW2cUM0rvquPVwPWdiUR6Ebr/kQWxQ==}
    engines: {node: '>= 10'}
    cpu: [arm64]
    os: [linux]
    requiresBuild: true
    dev: false
    optional: true

  /@next/swc-linux-x64-gnu@14.2.28:
    resolution: {integrity: sha512-nsiSnz2wO6GwMAX2o0iucONlVL7dNgKUqt/mDTATGO2NY59EO/ZKnKEr80BJFhuA5UC1KZOMblJHWZoqIJddpA==}
    engines: {node: '>= 10'}
    cpu: [x64]
    os: [linux]
    requiresBuild: true
    dev: false
    optional: true

  /@next/swc-linux-x64-musl@14.2.28:
    resolution: {integrity: sha512-+IuGQKoI3abrXFqx7GtlvNOpeExUH1mTIqCrh1LGFf8DnlUcTmOOCApEnPJUSLrSbzOdsF2ho2KhnQoO0I1RDw==}
    engines: {node: '>= 10'}
    cpu: [x64]
    os: [linux]
    requiresBuild: true
    dev: false
    optional: true

  /@next/swc-win32-arm64-msvc@14.2.28:
    resolution: {integrity: sha512-l61WZ3nevt4BAnGksUVFKy2uJP5DPz2E0Ma/Oklvo3sGj9sw3q7vBWONFRgz+ICiHpW5mV+mBrkB3XEubMrKaA==}
    engines: {node: '>= 10'}
    cpu: [arm64]
    os: [win32]
    requiresBuild: true
    dev: false
    optional: true

  /@next/swc-win32-ia32-msvc@14.2.28:
    resolution: {integrity: sha512-+Kcp1T3jHZnJ9v9VTJ/yf1t/xmtFAc/Sge4v7mVc1z+NYfYzisi8kJ9AsY8itbgq+WgEwMtOpiLLJsUy2qnXZw==}
    engines: {node: '>= 10'}
    cpu: [ia32]
    os: [win32]
    requiresBuild: true
    dev: false
    optional: true

  /@next/swc-win32-x64-msvc@14.2.28:
    resolution: {integrity: sha512-1gCmpvyhz7DkB1srRItJTnmR2UwQPAUXXIg9r0/56g3O8etGmwlX68skKXJOp9EejW3hhv7nSQUJ2raFiz4MoA==}
    engines: {node: '>= 10'}
    cpu: [x64]
    os: [win32]
    requiresBuild: true
    dev: false
    optional: true

  /@react-aria/focus@3.20.2(react-dom@18.3.1)(react@18.3.1):
    resolution: {integrity: sha512-Q3rouk/rzoF/3TuH6FzoAIKrl+kzZi9LHmr8S5EqLAOyP9TXIKG34x2j42dZsAhrw7TbF9gA8tBKwnCNH4ZV+Q==}
    peerDependencies:
      react: ^16.8.0 || ^17.0.0-rc.1 || ^18.0.0 || ^19.0.0-rc.1
      react-dom: ^16.8.0 || ^17.0.0-rc.1 || ^18.0.0 || ^19.0.0-rc.1
    dependencies:
      '@react-aria/interactions': 3.25.0(react-dom@18.3.1)(react@18.3.1)
      '@react-aria/utils': 3.28.2(react-dom@18.3.1)(react@18.3.1)
      '@react-types/shared': 3.29.0(react@18.3.1)
      '@swc/helpers': 0.5.17
      clsx: 2.1.1
      react: 18.3.1
      react-dom: 18.3.1(react@18.3.1)
    dev: false

  /@react-aria/interactions@3.25.0(react-dom@18.3.1)(react@18.3.1):
    resolution: {integrity: sha512-GgIsDLlO8rDU/nFn6DfsbP9rfnzhm8QFjZkB9K9+r+MTSCn7bMntiWQgMM+5O6BiA8d7C7x4zuN4bZtc0RBdXQ==}
    peerDependencies:
      react: ^16.8.0 || ^17.0.0-rc.1 || ^18.0.0 || ^19.0.0-rc.1
      react-dom: ^16.8.0 || ^17.0.0-rc.1 || ^18.0.0 || ^19.0.0-rc.1
    dependencies:
      '@react-aria/ssr': 3.9.8(react@18.3.1)
      '@react-aria/utils': 3.28.2(react-dom@18.3.1)(react@18.3.1)
      '@react-stately/flags': 3.1.1
      '@react-types/shared': 3.29.0(react@18.3.1)
      '@swc/helpers': 0.5.17
      react: 18.3.1
      react-dom: 18.3.1(react@18.3.1)
    dev: false

  /@react-aria/ssr@3.9.8(react@18.3.1):
    resolution: {integrity: sha512-lQDE/c9uTfBSDOjaZUJS8xP2jCKVk4zjQeIlCH90xaLhHDgbpCdns3xvFpJJujfj3nI4Ll9K7A+ONUBDCASOuw==}
    engines: {node: '>= 12'}
    peerDependencies:
      react: ^16.8.0 || ^17.0.0-rc.1 || ^18.0.0 || ^19.0.0-rc.1
    dependencies:
      '@swc/helpers': 0.5.17
      react: 18.3.1
    dev: false

  /@react-aria/utils@3.28.2(react-dom@18.3.1)(react@18.3.1):
    resolution: {integrity: sha512-J8CcLbvnQgiBn54eeEvQQbIOfBF3A1QizxMw9P4cl9MkeR03ug7RnjTIdJY/n2p7t59kLeAB3tqiczhcj+Oi5w==}
    peerDependencies:
      react: ^16.8.0 || ^17.0.0-rc.1 || ^18.0.0 || ^19.0.0-rc.1
      react-dom: ^16.8.0 || ^17.0.0-rc.1 || ^18.0.0 || ^19.0.0-rc.1
    dependencies:
      '@react-aria/ssr': 3.9.8(react@18.3.1)
      '@react-stately/flags': 3.1.1
      '@react-stately/utils': 3.10.6(react@18.3.1)
      '@react-types/shared': 3.29.0(react@18.3.1)
      '@swc/helpers': 0.5.17
      clsx: 2.1.1
      react: 18.3.1
      react-dom: 18.3.1(react@18.3.1)
    dev: false

  /@react-stately/flags@3.1.1:
    resolution: {integrity: sha512-XPR5gi5LfrPdhxZzdIlJDz/B5cBf63l4q6/AzNqVWFKgd0QqY5LvWJftXkklaIUpKSJkIKQb8dphuZXDtkWNqg==}
    dependencies:
      '@swc/helpers': 0.5.17
    dev: false

  /@react-stately/utils@3.10.6(react@18.3.1):
    resolution: {integrity: sha512-O76ip4InfTTzAJrg8OaZxKU4vvjMDOpfA/PGNOytiXwBbkct2ZeZwaimJ8Bt9W1bj5VsZ81/o/tW4BacbdDOMA==}
    peerDependencies:
      react: ^16.8.0 || ^17.0.0-rc.1 || ^18.0.0 || ^19.0.0-rc.1
    dependencies:
      '@swc/helpers': 0.5.17
      react: 18.3.1
    dev: false

  /@react-types/shared@3.29.0(react@18.3.1):
    resolution: {integrity: sha512-IDQYu/AHgZimObzCFdNl1LpZvQW/xcfLt3v20sorl5qRucDVj4S9os98sVTZ4IRIBjmS+MkjqpR5E70xan7ooA==}
    peerDependencies:
      react: ^16.8.0 || ^17.0.0-rc.1 || ^18.0.0 || ^19.0.0-rc.1
    dependencies:
      react: 18.3.1
    dev: false

  /@swc/counter@0.1.3:
    resolution: {integrity: sha512-e2BR4lsJkkRlKZ/qCHPw9ZaSxc0MVUd7gtbtaB7aMvHeJVYe8sOB8DBZkP2DtISHGSku9sCK6T6cnY0CtXrOCQ==}
    dev: false

  /@swc/helpers@0.5.17:
    resolution: {integrity: sha512-5IKx/Y13RsYd+sauPb2x+U/xZikHjolzfuDgTAl/Tdf3Q8rslRvC19NKDLgAJQ6wsqADk10ntlv08nPFw/gO/A==}
    dependencies:
      tslib: 2.8.1
    dev: false

  /@swc/helpers@0.5.5:
    resolution: {integrity: sha512-KGYxvIOXcceOAbEk4bi/dVLEK9z8sZ0uBB3Il5b1rhfClSpcX0yfRO0KmTkqR2cnQDymwLB+25ZyMzICg/cm/A==}
    dependencies:
      '@swc/counter': 0.1.3
      tslib: 2.8.1
    dev: false

  /@tailwindcss/container-queries@0.1.1(tailwindcss@4.1.5):
    resolution: {integrity: sha512-p18dswChx6WnTSaJCSGx6lTmrGzNNvm2FtXmiO6AuA1V4U5REyoqwmT6kgAsIMdjo07QdAfYXHJ4hnMtfHzWgA==}
    peerDependencies:
      tailwindcss: '>=3.2.0'
    dependencies:
      tailwindcss: 4.1.5
    dev: true

  /@tailwindcss/node@4.1.5:
    resolution: {integrity: sha512-CBhSWo0vLnWhXIvpD0qsPephiaUYfHUX3U9anwDaHZAeuGpTiB3XmsxPAN6qX7bFhipyGBqOa1QYQVVhkOUGxg==}
    dependencies:
      enhanced-resolve: 5.18.1
      jiti: 2.4.2
      lightningcss: 1.29.2
      tailwindcss: 4.1.5
    dev: true

  /@tailwindcss/oxide-android-arm64@4.1.5:
    resolution: {integrity: sha512-LVvM0GirXHED02j7hSECm8l9GGJ1RfgpWCW+DRn5TvSaxVsv28gRtoL4aWKGnXqwvI3zu1GABeDNDVZeDPOQrw==}
    engines: {node: '>= 10'}
    cpu: [arm64]
    os: [android]
    requiresBuild: true
    dev: true
    optional: true

  /@tailwindcss/oxide-darwin-arm64@4.1.5:
    resolution: {integrity: sha512-//TfCA3pNrgnw4rRJOqavW7XUk8gsg9ddi8cwcsWXp99tzdBAZW0WXrD8wDyNbqjW316Pk2hiN/NJx/KWHl8oA==}
    engines: {node: '>= 10'}
    cpu: [arm64]
    os: [darwin]
    requiresBuild: true
    dev: true
    optional: true

  /@tailwindcss/oxide-darwin-x64@4.1.5:
    resolution: {integrity: sha512-XQorp3Q6/WzRd9OalgHgaqgEbjP3qjHrlSUb5k1EuS1Z9NE9+BbzSORraO+ecW432cbCN7RVGGL/lSnHxcd+7Q==}
    engines: {node: '>= 10'}
    cpu: [x64]
    os: [darwin]
    requiresBuild: true
    dev: true
    optional: true

  /@tailwindcss/oxide-freebsd-x64@4.1.5:
    resolution: {integrity: sha512-bPrLWbxo8gAo97ZmrCbOdtlz/Dkuy8NK97aFbVpkJ2nJ2Jo/rsCbu0TlGx8joCuA3q6vMWTSn01JY46iwG+clg==}
    engines: {node: '>= 10'}
    cpu: [x64]
    os: [freebsd]
    requiresBuild: true
    dev: true
    optional: true

  /@tailwindcss/oxide-linux-arm-gnueabihf@4.1.5:
    resolution: {integrity: sha512-1gtQJY9JzMAhgAfvd/ZaVOjh/Ju/nCoAsvOVJenWZfs05wb8zq+GOTnZALWGqKIYEtyNpCzvMk+ocGpxwdvaVg==}
    engines: {node: '>= 10'}
    cpu: [arm]
    os: [linux]
    requiresBuild: true
    dev: true
    optional: true

  /@tailwindcss/oxide-linux-arm64-gnu@4.1.5:
    resolution: {integrity: sha512-dtlaHU2v7MtdxBXoqhxwsWjav7oim7Whc6S9wq/i/uUMTWAzq/gijq1InSgn2yTnh43kR+SFvcSyEF0GCNu1PQ==}
    engines: {node: '>= 10'}
    cpu: [arm64]
    os: [linux]
    requiresBuild: true
    dev: true
    optional: true

  /@tailwindcss/oxide-linux-arm64-musl@4.1.5:
    resolution: {integrity: sha512-fg0F6nAeYcJ3CriqDT1iVrqALMwD37+sLzXs8Rjy8Z1ZHshJoYceodfyUwGJEsQoTyWbliFNRs2wMQNXtT7MVA==}
    engines: {node: '>= 10'}
    cpu: [arm64]
    os: [linux]
    requiresBuild: true
    dev: true
    optional: true

  /@tailwindcss/oxide-linux-x64-gnu@4.1.5:
    resolution: {integrity: sha512-SO+F2YEIAHa1AITwc8oPwMOWhgorPzzcbhWEb+4oLi953h45FklDmM8dPSZ7hNHpIk9p/SCZKUYn35t5fjGtHA==}
    engines: {node: '>= 10'}
    cpu: [x64]
    os: [linux]
    requiresBuild: true
    dev: true
    optional: true

  /@tailwindcss/oxide-linux-x64-musl@4.1.5:
    resolution: {integrity: sha512-6UbBBplywkk/R+PqqioskUeXfKcBht3KU7juTi1UszJLx0KPXUo10v2Ok04iBJIaDPkIFkUOVboXms5Yxvaz+g==}
    engines: {node: '>= 10'}
    cpu: [x64]
    os: [linux]
    requiresBuild: true
    dev: true
    optional: true

  /@tailwindcss/oxide-wasm32-wasi@4.1.5:
    resolution: {integrity: sha512-hwALf2K9FHuiXTPqmo1KeOb83fTRNbe9r/Ixv9ZNQ/R24yw8Ge1HOWDDgTdtzntIaIUJG5dfXCf4g9AD4RiyhQ==}
    engines: {node: '>=14.0.0'}
    cpu: [wasm32]
    requiresBuild: true
    dev: true
    optional: true
    bundledDependencies:
      - '@napi-rs/wasm-runtime'
      - '@emnapi/core'
      - '@emnapi/runtime'
      - '@tybys/wasm-util'
      - '@emnapi/wasi-threads'
      - tslib

  /@tailwindcss/oxide-win32-arm64-msvc@4.1.5:
    resolution: {integrity: sha512-oDKncffWzaovJbkuR7/OTNFRJQVdiw/n8HnzaCItrNQUeQgjy7oUiYpsm9HUBgpmvmDpSSbGaCa2Evzvk3eFmA==}
    engines: {node: '>= 10'}
    cpu: [arm64]
    os: [win32]
    requiresBuild: true
    dev: true
    optional: true

  /@tailwindcss/oxide-win32-x64-msvc@4.1.5:
    resolution: {integrity: sha512-WiR4dtyrFdbb+ov0LK+7XsFOsG+0xs0PKZKkt41KDn9jYpO7baE3bXiudPVkTqUEwNfiglCygQHl2jklvSBi7Q==}
    engines: {node: '>= 10'}
    cpu: [x64]
    os: [win32]
    requiresBuild: true
    dev: true
    optional: true

  /@tailwindcss/oxide@4.1.5:
    resolution: {integrity: sha512-1n4br1znquEvyW/QuqMKQZlBen+jxAbvyduU87RS8R3tUSvByAkcaMTkJepNIrTlYhD+U25K4iiCIxE6BGdRYA==}
    engines: {node: '>= 10'}
    optionalDependencies:
      '@tailwindcss/oxide-android-arm64': 4.1.5
      '@tailwindcss/oxide-darwin-arm64': 4.1.5
      '@tailwindcss/oxide-darwin-x64': 4.1.5
      '@tailwindcss/oxide-freebsd-x64': 4.1.5
      '@tailwindcss/oxide-linux-arm-gnueabihf': 4.1.5
      '@tailwindcss/oxide-linux-arm64-gnu': 4.1.5
      '@tailwindcss/oxide-linux-arm64-musl': 4.1.5
      '@tailwindcss/oxide-linux-x64-gnu': 4.1.5
      '@tailwindcss/oxide-linux-x64-musl': 4.1.5
      '@tailwindcss/oxide-wasm32-wasi': 4.1.5
      '@tailwindcss/oxide-win32-arm64-msvc': 4.1.5
      '@tailwindcss/oxide-win32-x64-msvc': 4.1.5
    dev: true

  /@tailwindcss/postcss@4.1.5:
    resolution: {integrity: sha512-5lAC2/pzuyfhsFgk6I58HcNy6vPK3dV/PoPxSDuOTVbDvCddYHzHiJZZInGIY0venvzzfrTEUAXJFULAfFmObg==}
    dependencies:
      '@alloc/quick-lru': 5.2.0
      '@tailwindcss/node': 4.1.5
      '@tailwindcss/oxide': 4.1.5
      postcss: 8.5.3
      tailwindcss: 4.1.5
    dev: true

  /@tailwindcss/typography@0.5.16(tailwindcss@4.1.5):
    resolution: {integrity: sha512-0wDLwCVF5V3x3b1SGXPCDcdsbDHMBe+lkFzBRaHeLvNi+nrrnZ1lA18u+OTWO8iSWU2GxUOCvlXtDuqftc1oiA==}
    peerDependencies:
      tailwindcss: '>=3.0.0 || insiders || >=4.0.0-alpha.20 || >=4.0.0-beta.1'
    dependencies:
      lodash.castarray: 4.4.0
      lodash.isplainobject: 4.0.6
      lodash.merge: 4.6.2
      postcss-selector-parser: 6.0.10
      tailwindcss: 4.1.5
    dev: true

  /@tanstack/react-virtual@3.13.8(react-dom@18.3.1)(react@18.3.1):
    resolution: {integrity: sha512-meS2AanUg50f3FBSNoAdBSRAh8uS0ue01qm7zrw65KGJtiXB9QXfybqZwkh4uFpRv2iX/eu5tjcH5wqUpwYLPg==}
    peerDependencies:
      react: ^16.8.0 || ^17.0.0 || ^18.0.0 || ^19.0.0
      react-dom: ^16.8.0 || ^17.0.0 || ^18.0.0 || ^19.0.0
    dependencies:
      '@tanstack/virtual-core': 3.13.8
      react: 18.3.1
      react-dom: 18.3.1(react@18.3.1)
    dev: false

  /@tanstack/virtual-core@3.13.8:
    resolution: {integrity: sha512-BT6w89Hqy7YKaWewYzmecXQzcJh6HTBbKYJIIkMaNU49DZ06LoTV3z32DWWEdUsgW6n1xTmwTLs4GtWrZC261w==}
    dev: false

  /@types/node@22.13.10:
    resolution: {integrity: sha512-I6LPUvlRH+O6VRUqYOcMudhaIdUVWfsjnZavnsraHvpBwaEyMN29ry+0UVJhImYL16xsscu0aske3yA+uPOWfw==}
    dependencies:
      undici-types: 6.20.0
    dev: true

  /@types/prop-types@15.7.14:
    resolution: {integrity: sha512-gNMvNH49DJ7OJYv+KAKn0Xp45p8PLl6zo2YnvDIbTd4J6MER2BmWN49TG7n9LvkyihINxeKW8+3bfS2yDC9dzQ==}
    dev: true

  /@types/react-dom@18.3.7(@types/react@18.3.21):
    resolution: {integrity: sha512-MEe3UeoENYVFXzoXEWsvcpg6ZvlrFNlOQ7EOsvhI3CfAXwzPfO8Qwuxd40nepsYKqyyVQnTdEfv68q91yLcKrQ==}
    peerDependencies:
      '@types/react': ^18.0.0
    dependencies:
      '@types/react': 18.3.21
    dev: true

  /@types/react@18.3.21:
    resolution: {integrity: sha512-gXLBtmlcRJeT09/sI4PxVwyrku6SaNUj/6cMubjE6T6XdY1fDmBL7r0nX0jbSZPU/Xr0KuwLLZh6aOYY5d91Xw==}
    dependencies:
      '@types/prop-types': 15.7.14
      csstype: 3.1.3
    dev: true

  /busboy@1.6.0:
    resolution: {integrity: sha512-8SFQbg/0hQ9xy3UNTB0YEnsNBbWfhf7RtnzpL7TkBiTBRfrQ9Fxcnz7VJsleJpyp6rVLvXiuORqjlHi5q+PYuA==}
    engines: {node: '>=10.16.0'}
    dependencies:
      streamsearch: 1.1.0
    dev: false

  /caniuse-lite@1.0.30001717:
    resolution: {integrity: sha512-auPpttCq6BDEG8ZAuHJIplGw6GODhjw+/11e7IjpnYCxZcW/ONgPs0KVBJ0d1bY3e2+7PRe5RCLyP+PfwVgkYw==}
    dev: false

  /client-only@0.0.1:
    resolution: {integrity: sha512-IV3Ou0jSMzZrd3pZ48nLkT9DA7Ag1pnPzaiQhpW7c3RbcqqzvzzVu+L8gfqMp/8IM2MQtSiqaCxrrcfu8I8rMA==}
    dev: false

  /clsx@2.1.1:
    resolution: {integrity: sha512-eYm0QWBtUrBWZWG0d386OGAw16Z995PiOVo2B7bjWSbHedGl5e0ZWaq65kOGgUSNesEIDkB9ISbTg/JK9dhCZA==}
    engines: {node: '>=6'}
    dev: false

  /cssesc@3.0.0:
    resolution: {integrity: sha512-/Tb/JcjK111nNScGob5MNtsntNM1aCNUDipB/TkwZFhyDrrE47SOx/18wF2bbjgc3ZzCSKW1T5nt5EbFoAz/Vg==}
    engines: {node: '>=4'}
    hasBin: true
    dev: true

  /csstype@3.1.3:
    resolution: {integrity: sha512-M1uQkMl8rQK/szD0LNhtqxIPLpimGm8sOBwU7lLnCpSbTyY3yeU1Vc7l4KT5zT4s/yOxHH5O7tIuuLOCnLADRw==}
    dev: true

  /detect-libc@2.0.4:
    resolution: {integrity: sha512-3UDv+G9CsCKO1WKMGw9fwq/SWJYbI0c5Y7LU1AXYoDdbhE2AHQ6N6Nb34sG8Fj7T5APy8qXDCKuuIHd1BR0tVA==}
    engines: {node: '>=8'}
    dev: true

  /enhanced-resolve@5.18.1:
    resolution: {integrity: sha512-ZSW3ma5GkcQBIpwZTSRAI8N71Uuwgs93IezB7mf7R60tC8ZbJideoDNKjHn2O9KIlx6rkGTTEk1xUCK2E1Y2Yg==}
    engines: {node: '>=10.13.0'}
    dependencies:
      graceful-fs: 4.2.11
      tapable: 2.2.1
    dev: true

  /geist@1.4.2(next@14.2.28):
    resolution: {integrity: sha512-OQUga/KUc8ueijck6EbtT07L4tZ5+TZgjw8PyWfxo16sL5FWk7gNViPNU8hgCFjy6bJi9yuTP+CRpywzaGN8zw==}
    peerDependencies:
      next: '>=13.2.0'
    dependencies:
      next: 14.2.28(react-dom@18.3.1)(react@18.3.1)
    dev: false

  /graceful-fs@4.2.11:
    resolution: {integrity: sha512-RbJ5/jmFcNNCcDV5o9eTnBLJ/HszWV0P73bc+Ff4nS/rJj+YaS6IGyiOL0VoBYX+l1Wrl3k63h/KrH+nhJ0XvQ==}

  /jiti@2.4.2:
    resolution: {integrity: sha512-rg9zJN+G4n2nfJl5MW3BMygZX56zKPNVEYYqq7adpmMh4Jn2QNEwhvQlFy6jPVdcod7txZtKHWnyZiA3a0zP7A==}
    hasBin: true
    dev: true

  /js-tokens@4.0.0:
    resolution: {integrity: sha512-RdJUflcE3cUzKiMqQgsCu06FPu9UdIJO0beYbPhHN4k6apgJtifcoCtT9bcxOpYBtpD2kCM6Sbzg4CausW/PKQ==}
    dev: false

  /lightningcss-darwin-arm64@1.29.2:
    resolution: {integrity: sha512-cK/eMabSViKn/PG8U/a7aCorpeKLMlK0bQeNHmdb7qUnBkNPnL+oV5DjJUo0kqWsJUapZsM4jCfYItbqBDvlcA==}
    engines: {node: '>= 12.0.0'}
    cpu: [arm64]
    os: [darwin]
    requiresBuild: true
    dev: true
    optional: true

  /lightningcss-darwin-x64@1.29.2:
    resolution: {integrity: sha512-j5qYxamyQw4kDXX5hnnCKMf3mLlHvG44f24Qyi2965/Ycz829MYqjrVg2H8BidybHBp9kom4D7DR5VqCKDXS0w==}
    engines: {node: '>= 12.0.0'}
    cpu: [x64]
    os: [darwin]
    requiresBuild: true
    dev: true
    optional: true

  /lightningcss-freebsd-x64@1.29.2:
    resolution: {integrity: sha512-wDk7M2tM78Ii8ek9YjnY8MjV5f5JN2qNVO+/0BAGZRvXKtQrBC4/cn4ssQIpKIPP44YXw6gFdpUF+Ps+RGsCwg==}
    engines: {node: '>= 12.0.0'}
    cpu: [x64]
    os: [freebsd]
    requiresBuild: true
    dev: true
    optional: true

  /lightningcss-linux-arm-gnueabihf@1.29.2:
    resolution: {integrity: sha512-IRUrOrAF2Z+KExdExe3Rz7NSTuuJ2HvCGlMKoquK5pjvo2JY4Rybr+NrKnq0U0hZnx5AnGsuFHjGnNT14w26sg==}
    engines: {node: '>= 12.0.0'}
    cpu: [arm]
    os: [linux]
    requiresBuild: true
    dev: true
    optional: true

  /lightningcss-linux-arm64-gnu@1.29.2:
    resolution: {integrity: sha512-KKCpOlmhdjvUTX/mBuaKemp0oeDIBBLFiU5Fnqxh1/DZ4JPZi4evEH7TKoSBFOSOV3J7iEmmBaw/8dpiUvRKlQ==}
    engines: {node: '>= 12.0.0'}
    cpu: [arm64]
    os: [linux]
    requiresBuild: true
    dev: true
    optional: true

  /lightningcss-linux-arm64-musl@1.29.2:
    resolution: {integrity: sha512-Q64eM1bPlOOUgxFmoPUefqzY1yV3ctFPE6d/Vt7WzLW4rKTv7MyYNky+FWxRpLkNASTnKQUaiMJ87zNODIrrKQ==}
    engines: {node: '>= 12.0.0'}
    cpu: [arm64]
    os: [linux]
    requiresBuild: true
    dev: true
    optional: true

  /lightningcss-linux-x64-gnu@1.29.2:
    resolution: {integrity: sha512-0v6idDCPG6epLXtBH/RPkHvYx74CVziHo6TMYga8O2EiQApnUPZsbR9nFNrg2cgBzk1AYqEd95TlrsL7nYABQg==}
    engines: {node: '>= 12.0.0'}
    cpu: [x64]
    os: [linux]
    requiresBuild: true
    dev: true
    optional: true

  /lightningcss-linux-x64-musl@1.29.2:
    resolution: {integrity: sha512-rMpz2yawkgGT8RULc5S4WiZopVMOFWjiItBT7aSfDX4NQav6M44rhn5hjtkKzB+wMTRlLLqxkeYEtQ3dd9696w==}
    engines: {node: '>= 12.0.0'}
    cpu: [x64]
    os: [linux]
    requiresBuild: true
    dev: true
    optional: true

  /lightningcss-win32-arm64-msvc@1.29.2:
    resolution: {integrity: sha512-nL7zRW6evGQqYVu/bKGK+zShyz8OVzsCotFgc7judbt6wnB2KbiKKJwBE4SGoDBQ1O94RjW4asrCjQL4i8Fhbw==}
    engines: {node: '>= 12.0.0'}
    cpu: [arm64]
    os: [win32]
    requiresBuild: true
    dev: true
    optional: true

  /lightningcss-win32-x64-msvc@1.29.2:
    resolution: {integrity: sha512-EdIUW3B2vLuHmv7urfzMI/h2fmlnOQBk1xlsDxkN1tCWKjNFjfLhGxYk8C8mzpSfr+A6jFFIi8fU6LbQGsRWjA==}
    engines: {node: '>= 12.0.0'}
    cpu: [x64]
    os: [win32]
    requiresBuild: true
    dev: true
    optional: true

  /lightningcss@1.29.2:
    resolution: {integrity: sha512-6b6gd/RUXKaw5keVdSEtqFVdzWnU5jMxTUjA2bVcMNPLwSQ08Sv/UodBVtETLCn7k4S1Ibxwh7k68IwLZPgKaA==}
    engines: {node: '>= 12.0.0'}
    dependencies:
      detect-libc: 2.0.4
    optionalDependencies:
      lightningcss-darwin-arm64: 1.29.2
      lightningcss-darwin-x64: 1.29.2
      lightningcss-freebsd-x64: 1.29.2
      lightningcss-linux-arm-gnueabihf: 1.29.2
      lightningcss-linux-arm64-gnu: 1.29.2
      lightningcss-linux-arm64-musl: 1.29.2
      lightningcss-linux-x64-gnu: 1.29.2
      lightningcss-linux-x64-musl: 1.29.2
      lightningcss-win32-arm64-msvc: 1.29.2
      lightningcss-win32-x64-msvc: 1.29.2
    dev: true

  /lodash.castarray@4.4.0:
    resolution: {integrity: sha512-aVx8ztPv7/2ULbArGJ2Y42bG1mEQ5mGjpdvrbJcJFU3TbYybe+QlLS4pst9zV52ymy2in1KpFPiZnAOATxD4+Q==}
    dev: true

  /lodash.isplainobject@4.0.6:
    resolution: {integrity: sha512-oSXzaWypCMHkPC3NvBEaPHf0KsA5mvPrOPgQWDsbg8n7orZ290M0BmC/jgRZ4vcJ6DTAhjrsSYgdsW/F+MFOBA==}
    dev: true

  /lodash.merge@4.6.2:
    resolution: {integrity: sha512-0KpjqXRVvrYyCsX1swR/XTK0va6VQkQM6MNo7PqW77ByjAhoARA8EfrP1N4+KlKj8YS0ZUCtRT/YUuhyYDujIQ==}
    dev: true

  /loose-envify@1.4.0:
    resolution: {integrity: sha512-lyuxPGr/Wfhrlem2CL/UcnUc1zcqKAImBDzukY7Y5F/yQiNdko6+fRLevlw1HgMySw7f611UIY408EtxRSoK3Q==}
    hasBin: true
    dependencies:
      js-tokens: 4.0.0
    dev: false

  /nanoid@3.3.11:
    resolution: {integrity: sha512-N8SpfPUnUp1bK+PMYW8qSWdl9U+wwNWI4QKxOYDy9JAro3WMX7p2OeVRF9v+347pnakNevPmiHhNmZ2HbFA76w==}
    engines: {node: ^10 || ^12 || ^13.7 || ^14 || >=15.0.1}
    hasBin: true

  /next@14.2.28(react-dom@18.3.1)(react@18.3.1):
    resolution: {integrity: sha512-QLEIP/kYXynIxtcKB6vNjtWLVs3Y4Sb+EClTC/CSVzdLD1gIuItccpu/n1lhmduffI32iPGEK2cLLxxt28qgYA==}
    engines: {node: '>=18.17.0'}
    hasBin: true
    peerDependencies:
      '@opentelemetry/api': ^1.1.0
      '@playwright/test': ^1.41.2
      react: ^18.2.0
      react-dom: ^18.2.0
      sass: ^1.3.0
    peerDependenciesMeta:
      '@opentelemetry/api':
        optional: true
      '@playwright/test':
        optional: true
      sass:
        optional: true
    dependencies:
      '@next/env': 14.2.28
      '@swc/helpers': 0.5.5
      busboy: 1.6.0
      caniuse-lite: 1.0.30001717
      graceful-fs: 4.2.11
      postcss: 8.4.31
      react: 18.3.1
      react-dom: 18.3.1(react@18.3.1)
      styled-jsx: 5.1.1(react@18.3.1)
    optionalDependencies:
      '@next/swc-darwin-arm64': 14.2.28
      '@next/swc-darwin-x64': 14.2.28
      '@next/swc-linux-arm64-gnu': 14.2.28
      '@next/swc-linux-arm64-musl': 14.2.28
      '@next/swc-linux-x64-gnu': 14.2.28
      '@next/swc-linux-x64-musl': 14.2.28
      '@next/swc-win32-arm64-msvc': 14.2.28
      '@next/swc-win32-ia32-msvc': 14.2.28
      '@next/swc-win32-x64-msvc': 14.2.28
    transitivePeerDependencies:
      - '@babel/core'
      - babel-plugin-macros
    dev: false

  /picocolors@1.1.1:
    resolution: {integrity: sha512-xceH2snhtb5M9liqDsmEw56le376mTZkEX/jEb/RxNFyegNul7eNslCXP9FDj/Lcu0X8KEyMceP2ntpaHrDEVA==}

  /postcss-selector-parser@6.0.10:
    resolution: {integrity: sha512-IQ7TZdoaqbT+LCpShg46jnZVlhWD2w6iQYAcYXfHARZ7X1t/UGhhceQDs5X0cGqKvYlHNOuv7Oa1xmb0oQuA3w==}
    engines: {node: '>=4'}
    dependencies:
      cssesc: 3.0.0
      util-deprecate: 1.0.2
    dev: true

  /postcss@8.4.31:
    resolution: {integrity: sha512-PS08Iboia9mts/2ygV3eLpY5ghnUcfLV/EXTOW1E2qYxJKGGBUtNjN76FYHnMs36RmARn41bC0AZmn+rR0OVpQ==}
    engines: {node: ^10 || ^12 || >=14}
    dependencies:
      nanoid: 3.3.11
      picocolors: 1.1.1
      source-map-js: 1.2.1
    dev: false

  /postcss@8.5.3:
    resolution: {integrity: sha512-dle9A3yYxlBSrt8Fu+IpjGT8SY8hN0mlaA6GY8t0P5PjIOZemULz/E2Bnm/2dcUOena75OTNkHI76uZBNUUq3A==}
    engines: {node: ^10 || ^12 || >=14}
    dependencies:
      nanoid: 3.3.11
      picocolors: 1.1.1
      source-map-js: 1.2.1
    dev: true

  /prettier-plugin-tailwindcss@0.6.11(prettier@3.5.3):
    resolution: {integrity: sha512-YxaYSIvZPAqhrrEpRtonnrXdghZg1irNg4qrjboCXrpybLWVs55cW2N3juhspVJiO0JBvYJT8SYsJpc8OQSnsA==}
    engines: {node: '>=14.21.3'}
    peerDependencies:
      '@ianvs/prettier-plugin-sort-imports': '*'
      '@prettier/plugin-pug': '*'
      '@shopify/prettier-plugin-liquid': '*'
      '@trivago/prettier-plugin-sort-imports': '*'
      '@zackad/prettier-plugin-twig': '*'
      prettier: ^3.0
      prettier-plugin-astro: '*'
      prettier-plugin-css-order: '*'
      prettier-plugin-import-sort: '*'
      prettier-plugin-jsdoc: '*'
      prettier-plugin-marko: '*'
      prettier-plugin-multiline-arrays: '*'
      prettier-plugin-organize-attributes: '*'
      prettier-plugin-organize-imports: '*'
      prettier-plugin-sort-imports: '*'
      prettier-plugin-style-order: '*'
      prettier-plugin-svelte: '*'
    peerDependenciesMeta:
      '@ianvs/prettier-plugin-sort-imports':
        optional: true
      '@prettier/plugin-pug':
        optional: true
      '@shopify/prettier-plugin-liquid':
        optional: true
      '@trivago/prettier-plugin-sort-imports':
        optional: true
      '@zackad/prettier-plugin-twig':
        optional: true
      prettier-plugin-astro:
        optional: true
      prettier-plugin-css-order:
        optional: true
      prettier-plugin-import-sort:
        optional: true
      prettier-plugin-jsdoc:
        optional: true
      prettier-plugin-marko:
        optional: true
      prettier-plugin-multiline-arrays:
        optional: true
      prettier-plugin-organize-attributes:
        optional: true
      prettier-plugin-organize-imports:
        optional: true
      prettier-plugin-sort-imports:
        optional: true
      prettier-plugin-style-order:
        optional: true
      prettier-plugin-svelte:
        optional: true
    dependencies:
      prettier: 3.5.3
    dev: true

  /prettier@3.5.3:
    resolution: {integrity: sha512-QQtaxnoDJeAkDvDKWCLiwIXkTgRhwYDEQCghU9Z6q03iyek/rxRh/2lC3HB7P8sWT2xC/y5JDctPLBIGzHKbhw==}
    engines: {node: '>=14'}
    hasBin: true
    dev: true

  /react-dom@18.3.1(react@18.3.1):
    resolution: {integrity: sha512-5m4nQKp+rZRb09LNH59GM4BxTh9251/ylbKIbpe7TpGxfJ+9kv6BLkLBXIjjspbgbnIBNqlI23tRnTWT0snUIw==}
    peerDependencies:
      react: ^18.3.1
    dependencies:
      loose-envify: 1.4.0
      react: 18.3.1
      scheduler: 0.23.2
    dev: false

  /react@18.3.1:
    resolution: {integrity: sha512-wS+hAgJShR0KhEvPJArfuPVN1+Hz1t0Y6n5jLrGQbkb4urgPE/0Rve+1kMB1v/oWgHgm4WIcV+i7F2pTVj+2iQ==}
    engines: {node: '>=0.10.0'}
    dependencies:
      loose-envify: 1.4.0
    dev: false

  /scheduler@0.23.2:
    resolution: {integrity: sha512-UOShsPwz7NrMUqhR6t0hWjFduvOzbtv7toDH1/hIrfRNIDBnnBWd0CwJTGvTpngVlmwGCdP9/Zl/tVrDqcuYzQ==}
    dependencies:
      loose-envify: 1.4.0
    dev: false

  /sonner@2.0.3(react-dom@18.3.1)(react@18.3.1):
    resolution: {integrity: sha512-njQ4Hht92m0sMqqHVDL32V2Oun9W1+PHO9NDv9FHfJjT3JT22IG4Jpo3FPQy+mouRKCXFWO+r67v6MrHX2zeIA==}
    peerDependencies:
      react: ^18.0.0 || ^19.0.0 || ^19.0.0-rc
      react-dom: ^18.0.0 || ^19.0.0 || ^19.0.0-rc
    dependencies:
      react: 18.3.1
      react-dom: 18.3.1(react@18.3.1)
    dev: false

  /source-map-js@1.2.1:
    resolution: {integrity: sha512-UXWMKhLOwVKb728IUtQPXxfYU+usdybtUrK/8uGE8CQMvrhOpwvzDBwj0QhSL7MQc7vIsISBG8VQ8+IDQxpfQA==}
    engines: {node: '>=0.10.0'}

  /streamsearch@1.1.0:
    resolution: {integrity: sha512-Mcc5wHehp9aXz1ax6bZUyY5afg9u2rv5cqQI3mRrYkGC8rW2hM02jWuwjtL++LS5qinSyhj2QfLyNsuc+VsExg==}
    engines: {node: '>=10.0.0'}
    dev: false

  /styled-jsx@5.1.1(react@18.3.1):
    resolution: {integrity: sha512-pW7uC1l4mBZ8ugbiZrcIsiIvVx1UmTfw7UkC3Um2tmfUq9Bhk8IiyEIPl6F8agHgjzku6j0xQEZbfA5uSgSaCw==}
    engines: {node: '>= 12.0.0'}
    peerDependencies:
      '@babel/core': '*'
      babel-plugin-macros: '*'
      react: '>= 16.8.0 || 17.x.x || ^18.0.0-0'
    peerDependenciesMeta:
      '@babel/core':
        optional: true
      babel-plugin-macros:
        optional: true
    dependencies:
      client-only: 0.0.1
      react: 18.3.1
    dev: false

  /tabbable@6.2.0:
    resolution: {integrity: sha512-Cat63mxsVJlzYvN51JmVXIgNoUokrIaT2zLclCXjRd8boZ0004U4KCs/sToJ75C6sdlByWxpYnb5Boif1VSFew==}
    dev: false

  /tailwindcss@4.1.5:
    resolution: {integrity: sha512-nYtSPfWGDiWgCkwQG/m+aX83XCwf62sBgg3bIlNiiOcggnS1x3uVRDAuyelBFL+vJdOPPCGElxv9DjHJjRHiVA==}
    dev: true

  /tapable@2.2.1:
    resolution: {integrity: sha512-GNzQvQTOIP6RyTfE2Qxb8ZVlNmw0n88vp1szwWRimP02mnTsx3Wtn5qRdqY9w2XduFNUgvOwhNnQsjwCp+kqaQ==}
    engines: {node: '>=6'}
    dev: true

  /tslib@2.8.1:
    resolution: {integrity: sha512-oJFu94HQb+KVduSUQL7wnpmqnfmLsOA/nAh6b6EH0wCEoK0/mPeXU6c3wKDV83MkOuHPRHtSXKKU99IBazS/2w==}
    dev: false

  /typescript@5.8.2:
    resolution: {integrity: sha512-aJn6wq13/afZp/jT9QZmwEjDqqvSGp1VT5GVg+f/t6/oVyrgXM6BY1h9BRh/O5p3PlUPAe+WuiEZOmb/49RqoQ==}
    engines: {node: '>=14.17'}
    hasBin: true
    dev: true

  /undici-types@6.20.0:
    resolution: {integrity: sha512-Ny6QZ2Nju20vw1SRHe3d9jVu6gJ+4e3+MMpqu7pqE5HT6WsTSlce++GQmK5UXS8mzV8DSYHrQH+Xrf2jVcuKNg==}
    dev: true

  /use-sync-external-store@1.5.0(react@18.3.1):
    resolution: {integrity: sha512-Rb46I4cGGVBmjamjphe8L/UnvJD+uPPtTkNvX5mZgqdbavhI4EbgIWJiIHXJ8bc/i9EQGPRh4DwEURJ552Do0A==}
    peerDependencies:
      react: ^16.8.0 || ^17.0.0 || ^18.0.0 || ^19.0.0
    dependencies:
      react: 18.3.1
    dev: false

  /util-deprecate@1.0.2:
    resolution: {integrity: sha512-EPD5q1uXyFxJpCrLnCc1nHnq3gOa6DZBocAIiI2TaSCA7VCJ1UJDMagCzIkXNsUYfD1daK//LTEQ8xiIbrHtcw==}
    dev: true
